// !$*UTF8*$!
{
	archiveVersion = 1;
	classes = {
	};
	objectVersion = 77;
	objects = {

/* Begin PBXBuildFile section */
		933434A62FBB5F7F00573F2D /* WiresKit in Frameworks */ = {isa = PBXBuildFile; productRef = 933434A52FBB5F7F00573F2D /* WiresKit */; };
		933434A82FBB5F7F00573F2D /* ComposableArchitecture in Frameworks */ = {isa = PBXBuildFile; productRef = 933434A72FBB5F7F00573F2D /* ComposableArchitecture */; };
		933434AA2FBB65B900573F2D /* SystemConfiguration.framework in Frameworks */ = {isa = PBXBuildFile; fileRef = 933434A92FBB65B900573F2D /* SystemConfiguration.framework */; };
/* End PBXBuildFile section */

/* Begin PBXContainerItemProxy section */
		9331014E2FB64F0700DC7CA4 /* PBXContainerItemProxy */ = {
			isa = PBXContainerItemProxy;
			containerPortal = 933101362FB64F0600DC7CA4 /* Project object */;
			proxyType = 1;
			remoteGlobalIDString = 9331013D2FB64F0600DC7CA4;
			remoteInfo = Wires;
		};
		933101582FB64F0700DC7CA4 /* PBXContainerItemProxy */ = {
			isa = PBXContainerItemProxy;
			containerPortal = 933101362FB64F0600DC7CA4 /* Project object */;
			proxyType = 1;
			remoteGlobalIDString = 9331013D2FB64F0600DC7CA4;
			remoteInfo = Wires;
		};
/* End PBXContainerItemProxy section */

/* Begin PBXFileReference section */
		9331013E2FB64F0600DC7CA4 /* Wires.app */ = {isa = PBXFileReference; explicitFileType = wrapper.application; includeInIndex = 0; path = Wires.app; sourceTree = BUILT_PRODUCTS_DIR; };
		9331014D2FB64F0700DC7CA4 /* WiresTests.xctest */ = {isa = PBXFileReference; explicitFileType = wrapper.cfbundle; includeInIndex = 0; path = WiresTests.xctest; sourceTree = BUILT_PRODUCTS_DIR; };
		933101572FB64F0700DC7CA4 /* WiresUITests.xctest */ = {isa = PBXFileReference; explicitFileType = wrapper.cfbundle; includeInIndex = 0; path = WiresUITests.xctest; sourceTree = BUILT_PRODUCTS_DIR; };
		933101A22FBAB80300DC7CA4 /* WiresKit */ = {isa = PBXFileReference; lastKnownFileType = folder; path = WiresKit; sourceTree = "<group>"; };
		933101A42FBB5E2200DC7CA4 /* Package.swift */ = {isa = PBXFileReference; lastKnownFileType = sourcecode.swift; name = Package.swift; path = WiresKit/Package.swift; sourceTree = "<group>"; };
		933434A92FBB65B900573F2D /* SystemConfiguration.framework */ = {isa = PBXFileReference; lastKnownFileType = wrapper.framework; name = SystemConfiguration.framework; path = Platforms/iPhoneOS.platform/Developer/SDKs/iPhoneOS26.4.sdk/System/Library/Frameworks/SystemConfiguration.framework; sourceTree = DEVELOPER_DIR; };
/* End PBXFileReference section */

/* Begin PBXFileSystemSynchronizedRootGroup section */
		933101402FB64F0600DC7CA4 /* Wires */ = {
			isa = PBXFileSystemSynchronizedRootGroup;
			path = Wires;
			sourceTree = "<group>";
		};
		933101502FB64F0700DC7CA4 /* WiresTests */ = {
			isa = PBXFileSystemSynchronizedRootGroup;
			path = WiresTests;
			sourceTree = "<group>";
		};
		9331015A2FB64F0700DC7CA4 /* WiresUITests */ = {
			isa = PBXFileSystemSynchronizedRootGroup;
			path = WiresUITests;
			sourceTree = "<group>";
		};
/* End PBXFileSystemSynchronizedRootGroup section */

/* Begin PBXFrameworksBuildPhase section */
		9331013B2FB64F0600DC7CA4 /* Frameworks */ = {
			isa = PBXFrameworksBuildPhase;
			buildActionMask = 2147483647;
			files = (
				933434A82FBB5F7F00573F2D /* ComposableArchitecture in Frameworks */,
				933434AA2FBB65B900573F2D /* SystemConfiguration.framework in Frameworks */,
				933434A62FBB5F7F00573F2D /* WiresKit in Frameworks */,
			);
			runOnlyForDeploymentPostprocessing = 0;
		};
		9331014A2FB64F0700DC7CA4 /* Frameworks */ = {
			isa = PBXFrameworksBuildPhase;
			buildActionMask = 2147483647;
			files = (
			);
			runOnlyForDeploymentPostprocessing = 0;
		};
		933101542FB64F0700DC7CA4 /* Frameworks */ = {
			isa = PBXFrameworksBuildPhase;
			buildActionMask = 2147483647;
			files = (
			);
			runOnlyForDeploymentPostprocessing = 0;
		};
/* End PBXFrameworksBuildPhase section */

/* Begin PBXGroup section */
		933101352FB64F0600DC7CA4 = {
			isa = PBXGroup;
			children = (
				933101402FB64F0600DC7CA4 /* Wires */,
				933101502FB64F0700DC7CA4 /* WiresTests */,
				9331015A2FB64F0700DC7CA4 /* WiresUITests */,
				933101A12FBAB80300DC7CA4 /* Frameworks */,
				9331013F2FB64F0600DC7CA4 /* Products */,
			);
			sourceTree = "<group>";
		};
		9331013F2FB64F0600DC7CA4 /* Products */ = {
			isa = PBXGroup;
			children = (
				9331013E2FB64F0600DC7CA4 /* Wires.app */,
				9331014D2FB64F0700DC7CA4 /* WiresTests.xctest */,
				933101572FB64F0700DC7CA4 /* WiresUITests.xctest */,
			);
			name = Products;
			sourceTree = "<group>";
		};
		933101A12FBAB80300DC7CA4 /* Frameworks */ = {
			isa = PBXGroup;
			children = (
				933434A92FBB65B900573F2D /* SystemConfiguration.framework */,
				933101A42FBB5E2200DC7CA4 /* Package.swift */,
				933101A22FBAB80300DC7CA4 /* WiresKit */,
			);
			name = Frameworks;
			sourceTree = "<group>";
		};
/* End PBXGroup section */

/* Begin PBXNativeTarget section */
		9331013D2FB64F0600DC7CA4 /* Wires */ = {
			isa = PBXNativeTarget;
			buildConfigurationList = 933101612FB64F0700DC7CA4 /* Build configuration list for PBXNativeTarget "Wires" */;
			buildPhases = (
				9331013A2FB64F0600DC7CA4 /* Sources */,
				9331013B2FB64F0600DC7CA4 /* Frameworks */,
				9331013C2FB64F0600DC7CA4 /* Resources */,
			);
			buildRules = (
			);
			dependencies = (
			);
			fileSystemSynchronizedGroups = (
				933101402FB64F0600DC7CA4 /* Wires */,
			);
			name = Wires;
			packageProductDependencies = (
				933434A52FBB5F7F00573F2D /* WiresKit */,
				933434A72FBB5F7F00573F2D /* ComposableArchitecture */,
			);
			productName = Wires;
			productReference = 9331013E2FB64F0600DC7CA4 /* Wires.app */;
			productType = "com.apple.product-type.application";
		};
		9331014C2FB64F0700DC7CA4 /* WiresTests */ = {
			isa = PBXNativeTarget;
			buildConfigurationList = 933101642FB64F0700DC7CA4 /* Build configuration list for PBXNativeTarget "WiresTests" */;
			buildPhases = (
				933101492FB64F0700DC7CA4 /* Sources */,
				9331014A2FB64F0700DC7CA4 /* Frameworks */,
				9331014B2FB64F0700DC7CA4 /* Resources */,
			);
			buildRules = (
			);
			dependencies = (
				9331014F2FB64F0700DC7CA4 /* PBXTargetDependency */,
			);
			fileSystemSynchronizedGroups = (
				933101502FB64F0700DC7CA4 /* WiresTests */,
			);
			name = WiresTests;
			packageProductDependencies = (
			);
			productName = WiresTests;
			productReference = 9331014D2FB64F0700DC7CA4 /* WiresTests.xctest */;
			productType = "com.apple.product-type.bundle.unit-test";
		};
		933101562FB64F0700DC7CA4 /* WiresUITests */ = {
			isa = PBXNativeTarget;
			buildConfigurationList = 933101672FB64F0700DC7CA4 /* Build configuration list for PBXNativeTarget "WiresUITests" */;
			buildPhases = (
				933101532FB64F0700DC7CA4 /* Sources */,
				933101542FB64F0700DC7CA4 /* Frameworks */,
				933101552FB64F0700DC7CA4 /* Resources */,
			);
			buildRules = (
			);
			dependencies = (
				933101592FB64F0700DC7CA4 /* PBXTargetDependency */,
			);
			fileSystemSynchronizedGroups = (
				9331015A2FB64F0700DC7CA4 /* WiresUITests */,
			);
			name = WiresUITests;
			packageProductDependencies = (
			);
			productName = WiresUITests;
			productReference = 933101572FB64F0700DC7CA4 /* WiresUITests.xctest */;
			productType = "com.apple.product-type.bundle.ui-testing";
		};
/* End PBXNativeTarget section */

/* Begin PBXProject section */
		933101362FB64F0600DC7CA4 /* Project object */ = {
			isa = PBXProject;
			attributes = {
				BuildIndependentTargetsInParallel = 1;
				LastSwiftUpdateCheck = 2640;
				LastUpgradeCheck = 2640;
				TargetAttributes = {
					9331013D2FB64F0600DC7CA4 = {
						CreatedOnToolsVersion = 26.4.1;
					};
					9331014C2FB64F0700DC7CA4 = {
						CreatedOnToolsVersion = 26.4.1;
						TestTargetID = 9331013D2FB64F0600DC7CA4;
					};
					933101562FB64F0700DC7CA4 = {
						CreatedOnToolsVersion = 26.4.1;
						TestTargetID = 9331013D2FB64F0600DC7CA4;
					};
				};
			};
			buildConfigurationList = 933101392FB64F0600DC7CA4 /* Build configuration list for PBXProject "Wires" */;
			developmentRegion = en;
			hasScannedForEncodings = 0;
			knownRegions = (
				en,
				Base,
			);
			mainGroup = 933101352FB64F0600DC7CA4;
			minimizedProjectReferenceProxies = 1;
			packageReferences = (
				933101A02FBAB7D800DC7CA4 /* XCRemoteSwiftPackageReference "swift-composable-architecture" */,
				933101A32FBAB85800DC7CA4 /* XCRemoteSwiftPackageReference "swift-snapshot-testing" */,
				933101A52FBB5F1C00DC7CA4 /* XCLocalSwiftPackageReference "WiresKit" */,
			);
			preferredProjectObjectVersion = 77;
			productRefGroup = 9331013F2FB64F0600DC7CA4 /* Products */;
			projectDirPath = "";
			projectRoot = "";
			targets = (
				9331013D2FB64F0600DC7CA4 /* Wires */,
				9331014C2FB64F0700DC7CA4 /* WiresTests */,
				933101562FB64F0700DC7CA4 /* WiresUITests */,
			);
		};
/* End PBXProject section */

/* Begin PBXResourcesBuildPhase section */
		9331013C2FB64F0600DC7CA4 /* Resources */ = {
			isa = PBXResourcesBuildPhase;
			buildActionMask = 2147483647;
			files = (
			);
			runOnlyForDeploymentPostprocessing = 0;
		};
		9331014B2FB64F0700DC7CA4 /* Resources */ = {
			isa = PBXResourcesBuildPhase;
			buildActionMask = 2147483647;
			files = (
			);
			runOnlyForDeploymentPostprocessing = 0;
		};
		933101552FB64F0700DC7CA4 /* Resources */ = {
			isa = PBXResourcesBuildPhase;
			buildActionMask = 2147483647;
			files = (
			);
			runOnlyForDeploymentPostprocessing = 0;
		};
/* End PBXResourcesBuildPhase section */

/* Begin PBXSourcesBuildPhase section */
		9331013A2FB64F0600DC7CA4 /* Sources */ = {
			isa = PBXSourcesBuildPhase;
			buildActionMask = 2147483647;
			files = (
			);
			runOnlyForDeploymentPostprocessing = 0;
		};
		933101492FB64F0700DC7CA4 /* Sources */ = {
			isa = PBXSourcesBuildPhase;
			buildActionMask = 2147483647;
			files = (
			);
			runOnlyForDeploymentPostprocessing = 0;
		};
		933101532FB64F0700DC7CA4 /* Sources */ = {
			isa = PBXSourcesBuildPhase;
			buildActionMask = 2147483647;
			files = (
			);
			runOnlyForDeploymentPostprocessing = 0;
		};
/* End PBXSourcesBuildPhase section */

/* Begin PBXTargetDependency section */
		9331014F2FB64F0700DC7CA4 /* PBXTargetDependency */ = {
			isa = PBXTargetDependency;
			target = 9331013D2FB64F0600DC7CA4 /* Wires */;
			targetProxy = 9331014E2FB64F0700DC7CA4 /* PBXContainerItemProxy */;
		};
		933101592FB64F0700DC7CA4 /* PBXTargetDependency */ = {
			isa = PBXTargetDependency;
			target = 9331013D2FB64F0600DC7CA4 /* Wires */;
			targetProxy = 933101582FB64F0700DC7CA4 /* PBXContainerItemProxy */;
		};
/* End PBXTargetDependency section */

/* Begin XCBuildConfiguration section */
		9331015F2FB64F0700DC7CA4 /* Debug */ = {
			isa = XCBuildConfiguration;
			buildSettings = {
				ALWAYS_SEARCH_USER_PATHS = NO;
				ASSETCATALOG_COMPILER_GENERATE_SWIFT_ASSET_SYMBOL_EXTENSIONS = YES;
				CLANG_ANALYZER_NONNULL = YES;
				CLANG_ANALYZER_NUMBER_OBJECT_CONVERSION = YES_AGGRESSIVE;
				CLANG_CXX_LANGUAGE_STANDARD = "gnu++20";
				CLANG_ENABLE_MODULES = YES;
				CLANG_ENABLE_OBJC_ARC = YES;
				CLANG_ENABLE_OBJC_WEAK = YES;
				CLANG_WARN_BLOCK_CAPTURE_AUTORELEASING = YES;
				CLANG_WARN_BOOL_CONVERSION = YES;
				CLANG_WARN_COMMA = YES;
				CLANG_WARN_CONSTANT_CONVERSION = YES;
				CLANG_WARN_DEPRECATED_OBJC_IMPLEMENTATIONS = YES;
				CLANG_WARN_DIRECT_OBJC_ISA_USAGE = YES_ERROR;
				CLANG_WARN_DOCUMENTATION_COMMENTS = YES;
				CLANG_WARN_EMPTY_BODY = YES;
				CLANG_WARN_ENUM_CONVERSION = YES;
				CLANG_WARN_INFINITE_RECURSION = YES;
				CLANG_WARN_INT_CONVERSION = YES;
				CLANG_WARN_NON_LITERAL_NULL_CONVERSION = YES;
				CLANG_WARN_OBJC_IMPLICIT_RETAIN_SELF = YES;
				CLANG_WARN_OBJC_LITERAL_CONVERSION = YES;
				CLANG_WARN_OBJC_ROOT_CLASS = YES_ERROR;
				CLANG_WARN_QUOTED_INCLUDE_IN_FRAMEWORK_HEADER = YES;
				CLANG_WARN_RANGE_LOOP_ANALYSIS = YES;
				CLANG_WARN_STRICT_PROTOTYPES = YES;
				CLANG_WARN_SUSPICIOUS_MOVE = YES;
				CLANG_WARN_UNGUARDED_AVAILABILITY = YES_AGGRESSIVE;
				CLANG_WARN_UNREACHABLE_CODE = YES;
				CLANG_WARN__DUPLICATE_METHOD_MATCH = YES;
				COPY_PHASE_STRIP = NO;
				DEBUG_INFORMATION_FORMAT = dwarf;
				DEVELOPMENT_TEAM = 93FJ7866C3;
				ENABLE_STRICT_OBJC_MSGSEND = YES;
				ENABLE_TESTABILITY = YES;
				ENABLE_USER_SCRIPT_SANDBOXING = YES;
				GCC_C_LANGUAGE_STANDARD = gnu17;
				GCC_DYNAMIC_NO_PIC = NO;
				GCC_NO_COMMON_BLOCKS = YES;
				GCC_OPTIMIZATION_LEVEL = 0;
				GCC_PREPROCESSOR_DEFINITIONS = (
					"DEBUG=1",
					"$(inherited)",
				);
				GCC_WARN_64_TO_32_BIT_CONVERSION = YES;
				GCC_WARN_ABOUT_RETURN_TYPE = YES_ERROR;
				GCC_WARN_UNDECLARED_SELECTOR = YES;
				GCC_WARN_UNINITIALIZED_AUTOS = YES_AGGRESSIVE;
				GCC_WARN_UNUSED_FUNCTION = YES;
				GCC_WARN_UNUSED_VARIABLE = YES;
				LOCALIZATION_PREFERS_STRING_CATALOGS = YES;
				MTL_ENABLE_DEBUG_INFO = INCLUDE_SOURCE;
				MTL_FAST_MATH = YES;
				ONLY_ACTIVE_ARCH = YES;
				SWIFT_ACTIVE_COMPILATION_CONDITIONS = "DEBUG $(inherited)";
				SWIFT_OPTIMIZATION_LEVEL = "-Onone";
			};
			name = Debug;
		};
		933101602FB64F0700DC7CA4 /* Release */ = {
			isa = XCBuildConfiguration;
			buildSettings = {
				ALWAYS_SEARCH_USER_PATHS = NO;
				ASSETCATALOG_COMPILER_GENERATE_SWIFT_ASSET_SYMBOL_EXTENSIONS = YES;
				CLANG_ANALYZER_NONNULL = YES;
				CLANG_ANALYZER_NUMBER_OBJECT_CONVERSION = YES_AGGRESSIVE;
				CLANG_CXX_LANGUAGE_STANDARD = "gnu++20";
				CLANG_ENABLE_MODULES = YES;
				CLANG_ENABLE_OBJC_ARC = YES;
				CLANG_ENABLE_OBJC_WEAK = YES;
				CLANG_WARN_BLOCK_CAPTURE_AUTORELEASING = YES;
				CLANG_WARN_BOOL_CONVERSION = YES;
				CLANG_WARN_COMMA = YES;
				CLANG_WARN_CONSTANT_CONVERSION = YES;
				CLANG_WARN_DEPRECATED_OBJC_IMPLEMENTATIONS = YES;
				CLANG_WARN_DIRECT_OBJC_ISA_USAGE = YES_ERROR;
				CLANG_WARN_DOCUMENTATION_COMMENTS = YES;
				CLANG_WARN_EMPTY_BODY = YES;
				CLANG_WARN_ENUM_CONVERSION = YES;
				CLANG_WARN_INFINITE_RECURSION = YES;
				CLANG_WARN_INT_CONVERSION = YES;
				CLANG_WARN_NON_LITERAL_NULL_CONVERSION = YES;
				CLANG_WARN_OBJC_IMPLICIT_RETAIN_SELF = YES;
				CLANG_WARN_OBJC_LITERAL_CONVERSION = YES;
				CLANG_WARN_OBJC_ROOT_CLASS = YES_ERROR;
				CLANG_WARN_QUOTED_INCLUDE_IN_FRAMEWORK_HEADER = YES;
				CLANG_WARN_RANGE_LOOP_ANALYSIS = YES;
				CLANG_WARN_STRICT_PROTOTYPES = YES;
				CLANG_WARN_SUSPICIOUS_MOVE = YES;
				CLANG_WARN_UNGUARDED_AVAILABILITY = YES_AGGRESSIVE;
				CLANG_WARN_UNREACHABLE_CODE = YES;
				CLANG_WARN__DUPLICATE_METHOD_MATCH = YES;
				COPY_PHASE_STRIP = NO;
				DEBUG_INFORMATION_FORMAT = "dwarf-with-dsym";
				DEVELOPMENT_TEAM = 93FJ7866C3;
				ENABLE_NS_ASSERTIONS = NO;
				ENABLE_STRICT_OBJC_MSGSEND = YES;
				ENABLE_USER_SCRIPT_SANDBOXING = YES;
				GCC_C_LANGUAGE_STANDARD = gnu17;
				GCC_NO_COMMON_BLOCKS = YES;
				GCC_WARN_64_TO_32_BIT_CONVERSION = YES;
				GCC_WARN_ABOUT_RETURN_TYPE = YES_ERROR;
				GCC_WARN_UNDECLARED_SELECTOR = YES;
				GCC_WARN_UNINITIALIZED_AUTOS = YES_AGGRESSIVE;
				GCC_WARN_UNUSED_FUNCTION = YES;
				GCC_WARN_UNUSED_VARIABLE = YES;
				LOCALIZATION_PREFERS_STRING_CATALOGS = YES;
				MTL_ENABLE_DEBUG_INFO = NO;
				MTL_FAST_MATH = YES;
				SWIFT_COMPILATION_MODE = wholemodule;
			};
			name = Release;
		};
		933101622FB64F0700DC7CA4 /* Debug */ = {
			isa = XCBuildConfiguration;
			buildSettings = {
				ASSETCATALOG_COMPILER_APPICON_NAME = AppIcon;
				ASSETCATALOG_COMPILER_GLOBAL_ACCENT_COLOR_NAME = AccentColor;
				CODE_SIGN_STYLE = Automatic;
				CURRENT_PROJECT_VERSION = 1;
				DEVELOPMENT_TEAM = 93FJ7866C3;
				ENABLE_APP_SANDBOX = YES;
				ENABLE_HARDENED_RUNTIME = YES;
				ENABLE_PREVIEWS = YES;
				ENABLE_USER_SELECTED_FILES = readonly;
				GENERATE_INFOPLIST_FILE = YES;
				"INFOPLIST_KEY_UIApplicationSceneManifest_Generation[sdk=iphoneos*]" = YES;
				"INFOPLIST_KEY_UIApplicationSceneManifest_Generation[sdk=iphonesimulator*]" = YES;
				"INFOPLIST_KEY_UIApplicationSupportsIndirectInputEvents[sdk=iphoneos*]" = YES;
				"INFOPLIST_KEY_UIApplicationSupportsIndirectInputEvents[sdk=iphonesimulator*]" = YES;
				"INFOPLIST_KEY_UILaunchScreen_Generation[sdk=iphoneos*]" = YES;
				"INFOPLIST_KEY_UILaunchScreen_Generation[sdk=iphonesimulator*]" = YES;
				"INFOPLIST_KEY_UIStatusBarStyle[sdk=iphoneos*]" = UIStatusBarStyleDefault;
				"INFOPLIST_KEY_UIStatusBarStyle[sdk=iphonesimulator*]" = UIStatusBarStyleDefault;
				INFOPLIST_KEY_UISupportedInterfaceOrientations_iPad = "UIInterfaceOrientationPortrait UIInterfaceOrientationPortraitUpsideDown UIInterfaceOrientationLandscapeLeft UIInterfaceOrientationLandscapeRight";
				INFOPLIST_KEY_UISupportedInterfaceOrientations_iPhone = "UIInterfaceOrientationPortrait UIInterfaceOrientationLandscapeLeft UIInterfaceOrientationLandscapeRight";
				IPHONEOS_DEPLOYMENT_TARGET = 26.4;
				LD_RUNPATH_SEARCH_PATHS = "@executable_path/Frameworks";
				"LD_RUNPATH_SEARCH_PATHS[sdk=macosx*]" = "@executable_path/../Frameworks";
				MACOSX_DEPLOYMENT_TARGET = 26.3;
				MARKETING_VERSION = 1.0;
				PRODUCT_BUNDLE_IDENTIFIER = com.talmage.Wires;
				PRODUCT_NAME = "$(TARGET_NAME)";
				REGISTER_APP_GROUPS = YES;
				SDKROOT = auto;
				STRING_CATALOG_GENERATE_SYMBOLS = YES;
				SUPPORTED_PLATFORMS = "iphoneos iphonesimulator macosx";
				SUPPORTS_MACCATALYST = NO;
				SWIFT_APPROACHABLE_CONCURRENCY = YES;
				SWIFT_DEFAULT_ACTOR_ISOLATION = MainActor;
				SWIFT_EMIT_LOC_STRINGS = YES;
				SWIFT_UPCOMING_FEATURE_MEMBER_IMPORT_VISIBILITY = YES;
				SWIFT_VERSION = 5.0;
				TARGETED_DEVICE_FAMILY = "1,2";
				XROS_DEPLOYMENT_TARGET = 26.4;
			};
			name = Debug;
		};
		933101632FB64F0700DC7CA4 /* Release */ = {
			isa = XCBuildConfiguration;
			buildSettings = {
				ASSETCATALOG_COMPILER_APPICON_NAME = AppIcon;
				ASSETCATALOG_COMPILER_GLOBAL_ACCENT_COLOR_NAME = AccentColor;
				CODE_SIGN_STYLE = Automatic;
				CURRENT_PROJECT_VERSION = 1;
				DEVELOPMENT_TEAM = 93FJ7866C3;
				ENABLE_APP_SANDBOX = YES;
				ENABLE_HARDENED_RUNTIME = YES;
				ENABLE_PREVIEWS = YES;
				ENABLE_USER_SELECTED_FILES = readonly;
				GENERATE_INFOPLIST_FILE = YES;
				"INFOPLIST_KEY_UIApplicationSceneManifest_Generation[sdk=iphoneos*]" = YES;
				"INFOPLIST_KEY_UIApplicationSceneManifest_Generation[sdk=iphonesimulator*]" = YES;
				"INFOPLIST_KEY_UIApplicationSupportsIndirectInputEvents[sdk=iphoneos*]" = YES;
				"INFOPLIST_KEY_UIApplicationSupportsIndirectInputEvents[sdk=iphonesimulator*]" = YES;
				"INFOPLIST_KEY_UILaunchScreen_Generation[sdk=iphoneos*]" = YES;
				"INFOPLIST_KEY_UILaunchScreen_Generation[sdk=iphonesimulator*]" = YES;
				"INFOPLIST_KEY_UIStatusBarStyle[sdk=iphoneos*]" = UIStatusBarStyleDefault;
				"INFOPLIST_KEY_UIStatusBarStyle[sdk=iphonesimulator*]" = UIStatusBarStyleDefault;
				INFOPLIST_KEY_UISupportedInterfaceOrientations_iPad = "UIInterfaceOrientationPortrait UIInterfaceOrientationPortraitUpsideDown UIInterfaceOrientationLandscapeLeft UIInterfaceOrientationLandscapeRight";
				INFOPLIST_KEY_UISupportedInterfaceOrientations_iPhone = "UIInterfaceOrientationPortrait UIInterfaceOrientationLandscapeLeft UIInterfaceOrientationLandscapeRight";
				IPHONEOS_DEPLOYMENT_TARGET = 26.4;
				LD_RUNPATH_SEARCH_PATHS = "@executable_path/Frameworks";
				"LD_RUNPATH_SEARCH_PATHS[sdk=macosx*]" = "@executable_path/../Frameworks";
				MACOSX_DEPLOYMENT_TARGET = 26.3;
				MARKETING_VERSION = 1.0;
				PRODUCT_BUNDLE_IDENTIFIER = com.talmage.Wires;
				PRODUCT_NAME = "$(TARGET_NAME)";
				REGISTER_APP_GROUPS = YES;
				SDKROOT = auto;
				STRING_CATALOG_GENERATE_SYMBOLS = YES;
				SUPPORTED_PLATFORMS = "iphoneos iphonesimulator macosx";
				SUPPORTS_MACCATALYST = NO;
				SWIFT_APPROACHABLE_CONCURRENCY = YES;
				SWIFT_DEFAULT_ACTOR_ISOLATION = MainActor;
				SWIFT_EMIT_LOC_STRINGS = YES;
				SWIFT_UPCOMING_FEATURE_MEMBER_IMPORT_VISIBILITY = YES;
				SWIFT_VERSION = 5.0;
				TARGETED_DEVICE_FAMILY = "1,2";
				XROS_DEPLOYMENT_TARGET = 26.4;
			};
			name = Release;
		};
		933101652FB64F0700DC7CA4 /* Debug */ = {
			isa = XCBuildConfiguration;
			buildSettings = {
				BUNDLE_LOADER = "$(TEST_HOST)";
				CODE_SIGN_STYLE = Automatic;
				CURRENT_PROJECT_VERSION = 1;
				DEVELOPMENT_TEAM = 93FJ7866C3;
				GENERATE_INFOPLIST_FILE = YES;
				IPHONEOS_DEPLOYMENT_TARGET = 26.4;
				MACOSX_DEPLOYMENT_TARGET = 26.3;
				MARKETING_VERSION = 1.0;
				PRODUCT_BUNDLE_IDENTIFIER = com.talmage.WiresTests;
				PRODUCT_NAME = "$(TARGET_NAME)";
				SDKROOT = auto;
				STRING_CATALOG_GENERATE_SYMBOLS = NO;
				SUPPORTED_PLATFORMS = "iphoneos iphonesimulator macosx xros xrsimulator";
				SWIFT_APPROACHABLE_CONCURRENCY = YES;
				SWIFT_EMIT_LOC_STRINGS = NO;
				SWIFT_UPCOMING_FEATURE_MEMBER_IMPORT_VISIBILITY = YES;
				SWIFT_VERSION = 5.0;
				TARGETED_DEVICE_FAMILY = "1,2,7";
				TEST_HOST = "$(BUILT_PRODUCTS_DIR)/Wires.app/$(BUNDLE_EXECUTABLE_FOLDER_PATH)/Wires";
				XROS_DEPLOYMENT_TARGET = 26.4;
			};
			name = Debug;
		};
		933101662FB64F0700DC7CA4 /* Release */ = {
			isa = XCBuildConfiguration;
			buildSettings = {
				BUNDLE_LOADER = "$(TEST_HOST)";
				CODE_SIGN_STYLE = Automatic;
				CURRENT_PROJECT_VERSION = 1;
				DEVELOPMENT_TEAM = 93FJ7866C3;
				GENERATE_INFOPLIST_FILE = YES;
				IPHONEOS_DEPLOYMENT_TARGET = 26.4;
				MACOSX_DEPLOYMENT_TARGET = 26.3;
				MARKETING_VERSION = 1.0;
				PRODUCT_BUNDLE_IDENTIFIER = com.talmage.WiresTests;
				PRODUCT_NAME = "$(TARGET_NAME)";
				SDKROOT = auto;
				STRING_CATALOG_GENERATE_SYMBOLS = NO;
				SUPPORTED_PLATFORMS = "iphoneos iphonesimulator macosx xros xrsimulator";
				SWIFT_APPROACHABLE_CONCURRENCY = YES;
				SWIFT_EMIT_LOC_STRINGS = NO;
				SWIFT_UPCOMING_FEATURE_MEMBER_IMPORT_VISIBILITY = YES;
				SWIFT_VERSION = 5.0;
				TARGETED_DEVICE_FAMILY = "1,2,7";
				TEST_HOST = "$(BUILT_PRODUCTS_DIR)/Wires.app/$(BUNDLE_EXECUTABLE_FOLDER_PATH)/Wires";
				XROS_DEPLOYMENT_TARGET = 26.4;
			};
			name = Release;
		};
		933101682FB64F0700DC7CA4 /* Debug */ = {
			isa = XCBuildConfiguration;
			buildSettings = {
				CODE_SIGN_STYLE = Automatic;
				CURRENT_PROJECT_VERSION = 1;
				DEVELOPMENT_TEAM = 93FJ7866C3;
				GENERATE_INFOPLIST_FILE = YES;
				IPHONEOS_DEPLOYMENT_TARGET = 26.4;
				MACOSX_DEPLOYMENT_TARGET = 26.3;
				MARKETING_VERSION = 1.0;
				PRODUCT_BUNDLE_IDENTIFIER = com.talmage.WiresUITests;
				PRODUCT_NAME = "$(TARGET_NAME)";
				SDKROOT = auto;
				STRING_CATALOG_GENERATE_SYMBOLS = NO;
				SUPPORTED_PLATFORMS = "iphoneos iphonesimulator macosx xros xrsimulator";
				SWIFT_APPROACHABLE_CONCURRENCY = YES;
				SWIFT_EMIT_LOC_STRINGS = NO;
				SWIFT_UPCOMING_FEATURE_MEMBER_IMPORT_VISIBILITY = YES;
				SWIFT_VERSION = 5.0;
				TARGETED_DEVICE_FAMILY = "1,2,7";
				TEST_TARGET_NAME = Wires;
				XROS_DEPLOYMENT_TARGET = 26.4;
			};
			name = Debug;
		};
		933101692FB64F0700DC7CA4 /* Release */ = {
			isa = XCBuildConfiguration;
			buildSettings = {
				CODE_SIGN_STYLE = Automatic;
				CURRENT_PROJECT_VERSION = 1;
				DEVELOPMENT_TEAM = 93FJ7866C3;
				GENERATE_INFOPLIST_FILE = YES;
				IPHONEOS_DEPLOYMENT_TARGET = 26.4;
				MACOSX_DEPLOYMENT_TARGET = 26.3;
				MARKETING_VERSION = 1.0;
				PRODUCT_BUNDLE_IDENTIFIER = com.talmage.WiresUITests;
				PRODUCT_NAME = "$(TARGET_NAME)";
				SDKROOT = auto;
				STRING_CATALOG_GENERATE_SYMBOLS = NO;
				SUPPORTED_PLATFORMS = "iphoneos iphonesimulator macosx xros xrsimulator";
				SWIFT_APPROACHABLE_CONCURRENCY = YES;
				SWIFT_EMIT_LOC_STRINGS = NO;
				SWIFT_UPCOMING_FEATURE_MEMBER_IMPORT_VISIBILITY = YES;
				SWIFT_VERSION = 5.0;
				TARGETED_DEVICE_FAMILY = "1,2,7";
				TEST_TARGET_NAME = Wires;
				XROS_DEPLOYMENT_TARGET = 26.4;
			};
			name = Release;
		};
/* End XCBuildConfiguration section */

/* Begin XCConfigurationList section */
		933101392FB64F0600DC7CA4 /* Build configuration list for PBXProject "Wires" */ = {
			isa = XCConfigurationList;
			buildConfigurations = (
				9331015F2FB64F0700DC7CA4 /* Debug */,
				933101602FB64F0700DC7CA4 /* Release */,
			);
			defaultConfigurationIsVisible = 0;
			defaultConfigurationName = Release;
		};
		933101612FB64F0700DC7CA4 /* Build configuration list for PBXNativeTarget "Wires" */ = {
			isa = XCConfigurationList;
			buildConfigurations = (
				933101622FB64F0700DC7CA4 /* Debug */,
				933101632FB64F0700DC7CA4 /* Release */,
			);
			defaultConfigurationIsVisible = 0;
			defaultConfigurationName = Release;
		};
		933101642FB64F0700DC7CA4 /* Build configuration list for PBXNativeTarget "WiresTests" */ = {
			isa = XCConfigurationList;
			buildConfigurations = (
				933101652FB64F0700DC7CA4 /* Debug */,
				933101662FB64F0700DC7CA4 /* Release */,
			);
			defaultConfigurationIsVisible = 0;
			defaultConfigurationName = Release;
		};
		933101672FB64F0700DC7CA4 /* Build configuration list for PBXNativeTarget "WiresUITests" */ = {
			isa = XCConfigurationList;
			buildConfigurations = (
				933101682FB64F0700DC7CA4 /* Debug */,
				933101692FB64F0700DC7CA4 /* Release */,
			);
			defaultConfigurationIsVisible = 0;
			defaultConfigurationName = Release;
		};
/* End XCConfigurationList section */

/* Begin XCLocalSwiftPackageReference section */
		933101A52FBB5F1C00DC7CA4 /* XCLocalSwiftPackageReference "WiresKit" */ = {
			isa = XCLocalSwiftPackageReference;
			relativePath = WiresKit;
		};
/* End XCLocalSwiftPackageReference section */

/* Begin XCRemoteSwiftPackageReference section */
		933101A02FBAB7D800DC7CA4 /* XCRemoteSwiftPackageReference "swift-composable-architecture" */ = {
			isa = XCRemoteSwiftPackageReference;
			repositoryURL = "https://github.com/pointfreeco/swift-composable-architecture";
			requirement = {
				kind = upToNextMajorVersion;
				minimumVersion = 1.25.5;
			};
		};
		933101A32FBAB85800DC7CA4 /* XCRemoteSwiftPackageReference "swift-snapshot-testing" */ = {
			isa = XCRemoteSwiftPackageReference;
			repositoryURL = "https://github.com/pointfreeco/swift-snapshot-testing";
			requirement = {
				kind = upToNextMajorVersion;
				minimumVersion = 1.19.2;
			};
		};
/* End XCRemoteSwiftPackageReference section */

/* Begin XCSwiftPackageProductDependency section */
		933434A52FBB5F7F00573F2D /* WiresKit */ = {
			isa = XCSwiftPackageProductDependency;
			productName = WiresKit;
		};
		933434A72FBB5F7F00573F2D /* ComposableArchitecture */ = {
			isa = XCSwiftPackageProductDependency;
			package = 933101A02FBAB7D800DC7CA4 /* XCRemoteSwiftPackageReference "swift-composable-architecture" */;
			productName = ComposableArchitecture;
		};
/* End XCSwiftPackageProductDependency section */
	};
	rootObject = 933101362FB64F0600DC7CA4 /* Project object */;
}
